// !$*UTF8*$!
{
	archiveVersion = 1;
	classes = {
	};
	objectVersion = 46;
	objects = {

/* Begin PBXAggregateTarget section */
		1B1490868A7F4F50A3CFEB31 /* ZERO_CHECK */ = {
			isa = PBXAggregateTarget;
			buildConfigurationList = 6F455D483D054F22AA3B667C /* Build configuration list for PBXAggregateTarget "ZERO_CHECK" */;
			buildPhases = (
				A721A2636CBE97864D35DC6E /* Generate CMakeFiles/ZERO_CHECK */,
			);
			dependencies = (
			);
			name = ZERO_CHECK;
			productName = ZERO_CHECK;
		};
		57D6B253D6DB4A3294D2C59A /* ALL_BUILD */ = {
			isa = PBXAggregateTarget;
			buildConfigurationList = 143F5B3FF7474649B41E23B8 /* Build configuration list for PBXAggregateTarget "ALL_BUILD" */;
			buildPhases = (
				DBC972550B0B9E9EB023383D /* Generate CMakeFiles/ALL_BUILD */,
			);
			dependencies = (
				51B7785F3BD6444B964B0F47 /* PBXTargetDependency */,
				B99FC6A6A905495887B5C4CD /* PBXTargetDependency */,
			);
			name = ALL_BUILD;
			productName = ALL_BUILD;
		};
/* End PBXAggregateTarget section */

/* Begin PBXBuildFile section */
		00351D8D7A5043ABA160D96C /* /Users/jinyizhou/myGithubRepo/CS6010/DrawAnythingWithSFML/src/helloSFML.cpp */ = {isa = PBXBuildFile; fileRef = 45D0CADCE8D6489BB9C3853C /* /Users/jinyizhou/myGithubRepo/CS6010/DrawAnythingWithSFML/src/helloSFML.cpp */; };
		5BD4736656994339BAE3CBBE /* /Users/jinyizhou/myGithubRepo/CS6010/DrawAnythingWithSFML/CMakeLists.txt */ = {isa = PBXBuildFile; fileRef = 32A743F37BE44C688A750CE0 /* /Users/jinyizhou/myGithubRepo/CS6010/DrawAnythingWithSFML/CMakeLists.txt */; };
/* End PBXBuildFile section */

/* Begin PBXBuildStyle section */
		0989DC83C30D41498B2F2148 /* Debug */ = {
			isa = PBXBuildStyle;
			buildSettings = {
				COPY_PHASE_STRIP = NO;
			};
			name = Debug;
		};
		3F570604972C465C804D9375 /* RelWithDebInfo */ = {
			isa = PBXBuildStyle;
			buildSettings = {
				COPY_PHASE_STRIP = NO;
			};
			name = RelWithDebInfo;
		};
		5EB0DE345135484BBEAAC344 /* MinSizeRel */ = {
			isa = PBXBuildStyle;
			buildSettings = {
				COPY_PHASE_STRIP = NO;
			};
			name = MinSizeRel;
		};
		E7343CAC94AD4A97BFFEEE54 /* Release */ = {
			isa = PBXBuildStyle;
			buildSettings = {
				COPY_PHASE_STRIP = NO;
			};
			name = Release;
		};
/* End PBXBuildStyle section */

/* Begin PBXContainerItemProxy section */
		03FAEB0FCA16400EA419823B /* PBXContainerItemProxy */ = {
			isa = PBXContainerItemProxy;
			containerPortal = 4C04783A6F304CF1A94F8CBB /* Project object */;
			proxyType = 1;
			remoteGlobalIDString = 27ED7D90450746CEB4789A62;
			remoteInfo = testSFML;
		};
		4A2CF563807B497E9B48320D /* PBXContainerItemProxy */ = {
			isa = PBXContainerItemProxy;
			containerPortal = 4C04783A6F304CF1A94F8CBB /* Project object */;
			proxyType = 1;
			remoteGlobalIDString = 1B1490868A7F4F50A3CFEB31;
			remoteInfo = ZERO_CHECK;
		};
		AF5B9C401CB24BFD90869618 /* PBXContainerItemProxy */ = {
			isa = PBXContainerItemProxy;
			containerPortal = 4C04783A6F304CF1A94F8CBB /* Project object */;
			proxyType = 1;
			remoteGlobalIDString = 1B1490868A7F4F50A3CFEB31;
			remoteInfo = ZERO_CHECK;
		};
/* End PBXContainerItemProxy section */

/* Begin PBXFileReference section */
		32A743F37BE44C688A750CE0 /* /Users/jinyizhou/myGithubRepo/CS6010/DrawAnythingWithSFML/CMakeLists.txt */ = {isa = PBXFileReference; explicitFileType = sourcecode.text; fileEncoding = 4; name = CMakeLists.txt; path = CMakeLists.txt; sourceTree = SOURCE_ROOT; };
		45D0CADCE8D6489BB9C3853C /* /Users/jinyizhou/myGithubRepo/CS6010/DrawAnythingWithSFML/src/helloSFML.cpp */ = {isa = PBXFileReference; explicitFileType = sourcecode.cpp.cpp; fileEncoding = 4; name = helloSFML.cpp; path = src/helloSFML.cpp; sourceTree = SOURCE_ROOT; };
		8ABD9D1C0DA94DDB9C682738 /* testSFML */ = {isa = PBXFileReference; explicitFileType = "compiled.mach-o.executable"; path = testSFML; sourceTree = BUILT_PRODUCTS_DIR; };
		D709EE6912B842FF8DDA7F42 /* /Users/jinyizhou/myGithubRepo/CS6010/DrawAnythingWithSFML/CMakeLists.txt */ = {isa = PBXFileReference; explicitFileType = sourcecode.text; fileEncoding = 4; name = CMakeLists.txt; path = CMakeLists.txt; sourceTree = SOURCE_ROOT; };
/* End PBXFileReference section */

/* Begin PBXFrameworksBuildPhase section */
		9EDFFFEE2D6F400AA52A96BB /* Frameworks */ = {
			isa = PBXFrameworksBuildPhase;
			buildActionMask = 2147483647;
			files = (
			);
			runOnlyForDeploymentPostprocessing = 0;
		};
/* End PBXFrameworksBuildPhase section */

/* Begin PBXGroup section */
		0D23D2E62DAC4D5EAC999A58 /* CMake Rules */ = {
			isa = PBXGroup;
			children = (
			);
			name = "CMake Rules";
			sourceTree = "<group>";
		};
		35A780AD8AF742E3A23F0A5F /* Products */ = {
			isa = PBXGroup;
			children = (
				8ABD9D1C0DA94DDB9C682738 /* testSFML */,
			);
			name = Products;
			sourceTree = "<group>";
		};
		512F3C50D7104A418749F5A4 /* Frameworks */ = {
			isa = PBXGroup;
			children = (
			);
			name = Frameworks;
			sourceTree = "<group>";
		};
		923A0D294DF0437E8FFC007A = {
			isa = PBXGroup;
			children = (
				A0DF367FB7B541FF88BB9827 /* testSFML */,
				C4FA450BB9874558B41A5EF0 /* ALL_BUILD */,
				35A780AD8AF742E3A23F0A5F /* Products */,
				512F3C50D7104A418749F5A4 /* Frameworks */,
			);
			sourceTree = "<group>";
		};
		A0DF367FB7B541FF88BB9827 /* testSFML */ = {
			isa = PBXGroup;
			children = (
				D8C4F4D8A8E5419D9C81F8D8 /* Source Files */,
				32A743F37BE44C688A750CE0 /* /Users/jinyizhou/myGithubRepo/CS6010/DrawAnythingWithSFML/CMakeLists.txt */,
			);
			name = testSFML;
			sourceTree = "<group>";
		};
		C4FA450BB9874558B41A5EF0 /* ALL_BUILD */ = {
			isa = PBXGroup;
			children = (
				0D23D2E62DAC4D5EAC999A58 /* CMake Rules */,
				D709EE6912B842FF8DDA7F42 /* /Users/jinyizhou/myGithubRepo/CS6010/DrawAnythingWithSFML/CMakeLists.txt */,
			);
			name = ALL_BUILD;
			sourceTree = "<group>";
		};
		D8C4F4D8A8E5419D9C81F8D8 /* Source Files */ = {
			isa = PBXGroup;
			children = (
				45D0CADCE8D6489BB9C3853C /* /Users/jinyizhou/myGithubRepo/CS6010/DrawAnythingWithSFML/src/helloSFML.cpp */,
			);
			name = "Source Files";
			sourceTree = "<group>";
		};
/* End PBXGroup section */

/* Begin PBXNativeTarget section */
		27ED7D90450746CEB4789A62 /* testSFML */ = {
			isa = PBXNativeTarget;
			buildConfigurationList = B3456086BE9B4D68A1AAC2D5 /* Build configuration list for PBXNativeTarget "testSFML" */;
			buildPhases = (
				112FF8C5E8844018BFE2E105 /* Sources */,
				9EDFFFEE2D6F400AA52A96BB /* Frameworks */,
			);
			buildRules = (
			);
			dependencies = (
				D0A6FFB82FEF4C89A38358CD /* PBXTargetDependency */,
			);
			name = testSFML;
			productName = testSFML;
			productReference = 8ABD9D1C0DA94DDB9C682738 /* testSFML */;
			productType = "com.apple.product-type.tool";
		};
/* End PBXNativeTarget section */

/* Begin PBXProject section */
		4C04783A6F304CF1A94F8CBB /* Project object */ = {
			isa = PBXProject;
			attributes = {
				BuildIndependentTargetsInParallel = YES;
				LastUpgradeCheck = 1400;
			};
			buildConfigurationList = 534C315928B34F99BC6B52D1 /* Build configuration list for PBXProject "testSFML" */;
			buildSettings = {
			};
			buildStyles = (
				0989DC83C30D41498B2F2148 /* Debug */,
				E7343CAC94AD4A97BFFEEE54 /* Release */,
				5EB0DE345135484BBEAAC344 /* MinSizeRel */,
				3F570604972C465C804D9375 /* RelWithDebInfo */,
			);
			compatibilityVersion = "Xcode 3.2";
			hasScannedForEncodings = 0;
			mainGroup = 923A0D294DF0437E8FFC007A;
			projectDirPath = /Users/jinyizhou/myGithubRepo/CS6010/DrawAnythingWithSFML;
			projectRoot = "";
			targets = (
				57D6B253D6DB4A3294D2C59A /* ALL_BUILD */,
				1B1490868A7F4F50A3CFEB31 /* ZERO_CHECK */,
				27ED7D90450746CEB4789A62 /* testSFML */,
			);
		};
/* End PBXProject section */

/* Begin PBXShellScriptBuildPhase section */
		3C0110FC8322DE7E50886E21 = {
			isa = PBXShellScriptBuildPhase;
			buildActionMask = 2147483647;
			files = (
			);
			inputPaths = (
			);
			outputPaths = (
			);
			runOnlyForDeploymentPostprocessing = 0;
			shellPath = /bin/sh;
			shellScript = "# shell script goes here
exit 0";
			showEnvVarsInLog = 0;
		};
		9B50530E35CC49C82C2FACCF = {
			isa = PBXShellScriptBuildPhase;
			buildActionMask = 2147483647;
			files = (
			);
			inputPaths = (
			);
			outputPaths = (
			);
			runOnlyForDeploymentPostprocessing = 0;
			shellPath = /bin/sh;
			shellScript = "# shell script goes here
exit 0";
			showEnvVarsInLog = 0;
		};
		A721A2636CBE97864D35DC6E /* Generate CMakeFiles/ZERO_CHECK */ = {
			isa = PBXShellScriptBuildPhase;
			alwaysOutOfDate = 1;
			buildActionMask = 2147483647;
			files = (
			);
			inputPaths = (
			);
			name = "Generate CMakeFiles/ZERO_CHECK";
			outputPaths = (
/Users/jinyizhou/myGithubRepo/CS6010/DrawAnythingWithSFML/xcode/CMakeFiles/ZERO_CHECK			);
			runOnlyForDeploymentPostprocessing = 0;
			shellPath = /bin/sh;
			shellScript = "set -e
if test \"$CONFIGURATION\" = \"Debug\"; then :
  cd /Users/jinyizhou/myGithubRepo/CS6010/DrawAnythingWithSFML/xcode
  make -f /Users/jinyizhou/myGithubRepo/CS6010/DrawAnythingWithSFML/xcode/CMakeScripts/ReRunCMake.make
fi
if test \"$CONFIGURATION\" = \"Release\"; then :
  cd /Users/jinyizhou/myGithubRepo/CS6010/DrawAnythingWithSFML/xcode
  make -f /Users/jinyizhou/myGithubRepo/CS6010/DrawAnythingWithSFML/xcode/CMakeScripts/ReRunCMake.make
fi
if test \"$CONFIGURATION\" = \"MinSizeRel\"; then :
  cd /Users/jinyizhou/myGithubRepo/CS6010/DrawAnythingWithSFML/xcode
  make -f /Users/jinyizhou/myGithubRepo/CS6010/DrawAnythingWithSFML/xcode/CMakeScripts/ReRunCMake.make
fi
if test \"$CONFIGURATION\" = \"RelWithDebInfo\"; then :
  cd /Users/jinyizhou/myGithubRepo/CS6010/DrawAnythingWithSFML/xcode
  make -f /Users/jinyizhou/myGithubRepo/CS6010/DrawAnythingWithSFML/xcode/CMakeScripts/ReRunCMake.make
fi
";
			showEnvVarsInLog = 0;
		};
		DBC972550B0B9E9EB023383D /* Generate CMakeFiles/ALL_BUILD */ = {
			isa = PBXShellScriptBuildPhase;
			alwaysOutOfDate = 1;
			buildActionMask = 2147483647;
			files = (
			);
			inputPaths = (
			);
			name = "Generate CMakeFiles/ALL_BUILD";
			outputPaths = (
/Users/jinyizhou/myGithubRepo/CS6010/DrawAnythingWithSFML/xcode/CMakeFiles/ALL_BUILD			);
			runOnlyForDeploymentPostprocessing = 0;
			shellPath = /bin/sh;
			shellScript = "set -e
if test \"$CONFIGURATION\" = \"Debug\"; then :
  cd /Users/jinyizhou/myGithubRepo/CS6010/DrawAnythingWithSFML/xcode
  echo Build\\ all\\ projects
fi
if test \"$CONFIGURATION\" = \"Release\"; then :
  cd /Users/jinyizhou/myGithubRepo/CS6010/DrawAnythingWithSFML/xcode
  echo Build\\ all\\ projects
fi
if test \"$CONFIGURATION\" = \"MinSizeRel\"; then :
  cd /Users/jinyizhou/myGithubRepo/CS6010/DrawAnythingWithSFML/xcode
  echo Build\\ all\\ projects
fi
if test \"$CONFIGURATION\" = \"RelWithDebInfo\"; then :
  cd /Users/jinyizhou/myGithubRepo/CS6010/DrawAnythingWithSFML/xcode
  echo Build\\ all\\ projects
fi
";
			showEnvVarsInLog = 0;
		};
/* End PBXShellScriptBuildPhase section */

/* Begin PBXSourcesBuildPhase section */
		112FF8C5E8844018BFE2E105 /* Sources */ = {
			isa = PBXSourcesBuildPhase;
			buildActionMask = 2147483647;
			files = (
				00351D8D7A5043ABA160D96C /* /Users/jinyizhou/myGithubRepo/CS6010/DrawAnythingWithSFML/src/helloSFML.cpp */,
			);
			runOnlyForDeploymentPostprocessing = 0;
		};
/* End PBXSourcesBuildPhase section */

/* Begin PBXTargetDependency section */
		51B7785F3BD6444B964B0F47 /* PBXTargetDependency */ = {
			isa = PBXTargetDependency;
			target = 27ED7D90450746CEB4789A62 /* testSFML */;
			targetProxy = 03FAEB0FCA16400EA419823B /* PBXContainerItemProxy */;
		};
		B99FC6A6A905495887B5C4CD /* PBXTargetDependency */ = {
			isa = PBXTargetDependency;
			target = 1B1490868A7F4F50A3CFEB31 /* ZERO_CHECK */;
			targetProxy = AF5B9C401CB24BFD90869618 /* PBXContainerItemProxy */;
		};
		D0A6FFB82FEF4C89A38358CD /* PBXTargetDependency */ = {
			isa = PBXTargetDependency;
			target = 1B1490868A7F4F50A3CFEB31 /* ZERO_CHECK */;
			targetProxy = 4A2CF563807B497E9B48320D /* PBXContainerItemProxy */;
		};
/* End PBXTargetDependency section */

/* Begin XCBuildConfiguration section */
		2785D6BCB894469D9F8DA512 /* Release */ = {
			isa = XCBuildConfiguration;
			buildSettings = {
				ARCHS = arm64;
				COMBINE_HIDPI_IMAGES = YES;
				GCC_GENERATE_DEBUGGING_SYMBOLS = YES;
				GCC_INLINES_ARE_PRIVATE_EXTERN = NO;
				GCC_OPTIMIZATION_LEVEL = 0;
				GCC_PREPROCESSOR_DEFINITIONS = ("'CMAKE_INTDIR=\"$(CONFIGURATION)$(EFFECTIVE_PLATFORM_NAME)\"'","$(inherited)");
				GCC_SYMBOLS_PRIVATE_EXTERN = NO;
				INSTALL_PATH = "";
				ONLY_ACTIVE_ARCH = NO;
				OTHER_LDFLAGS = ("","$(inherited)");
				OTHER_REZFLAGS = "";
				PRODUCT_NAME = ZERO_CHECK;
				SECTORDER_FLAGS = "";
				SYMROOT = /Users/jinyizhou/myGithubRepo/CS6010/DrawAnythingWithSFML/xcode;
				USE_HEADERMAP = NO;
				WARNING_CFLAGS = ("$(inherited)");
			};
			name = Release;
		};
		36B225646A4A4FF4B305A4B9 /* RelWithDebInfo */ = {
			isa = XCBuildConfiguration;
			buildSettings = {
				ARCHS = arm64;
				COMBINE_HIDPI_IMAGES = YES;
				GCC_GENERATE_DEBUGGING_SYMBOLS = YES;
				GCC_INLINES_ARE_PRIVATE_EXTERN = NO;
				GCC_OPTIMIZATION_LEVEL = 0;
				GCC_PREPROCESSOR_DEFINITIONS = ("'CMAKE_INTDIR=\"$(CONFIGURATION)$(EFFECTIVE_PLATFORM_NAME)\"'","$(inherited)");
				GCC_SYMBOLS_PRIVATE_EXTERN = NO;
				INSTALL_PATH = "";
				ONLY_ACTIVE_ARCH = NO;
				OTHER_LDFLAGS = ("","$(inherited)");
				OTHER_REZFLAGS = "";
				PRODUCT_NAME = ALL_BUILD;
				SECTORDER_FLAGS = "";
				SYMROOT = /Users/jinyizhou/myGithubRepo/CS6010/DrawAnythingWithSFML/xcode;
				USE_HEADERMAP = NO;
				WARNING_CFLAGS = ("$(inherited)");
			};
			name = RelWithDebInfo;
		};
		49E38B2621D340658D68B1C6 /* Release */ = {
			isa = XCBuildConfiguration;
			buildSettings = {
				ARCHS = arm64;
				COMBINE_HIDPI_IMAGES = YES;
				EXECUTABLE_PREFIX = "";
				EXECUTABLE_SUFFIX = "";
				GCC_GENERATE_DEBUGGING_SYMBOLS = NO;
				GCC_INLINES_ARE_PRIVATE_EXTERN = NO;
				GCC_OPTIMIZATION_LEVEL = 0;
				GCC_PREPROCESSOR_DEFINITIONS = ("'CMAKE_INTDIR=\"$(CONFIGURATION)$(EFFECTIVE_PLATFORM_NAME)\"'","$(inherited)");
				GCC_SYMBOLS_PRIVATE_EXTERN = NO;
				INSTALL_PATH = "";
				LD_RUNPATH_SEARCH_PATHS = (/opt/homebrew/lib,"$(inherited)");
				ONLY_ACTIVE_ARCH = NO;
				OTHER_CPLUSPLUSFLAGS = "'-std=c++17' ";
				OTHER_LDFLAGS = (" -Wl,-search_paths_first -Wl,-headerpad_max_install_names","/opt/homebrew/lib/libsfml-graphics.2.5.1.dylib","/opt/homebrew/lib/libsfml-window.2.5.1.dylib","/opt/homebrew/lib/libsfml-system.2.5.1.dylib","$(inherited)");
				OTHER_REZFLAGS = "";
				PRODUCT_NAME = testSFML;
				SECTORDER_FLAGS = "";
				SYMROOT = /Users/jinyizhou/myGithubRepo/CS6010/DrawAnythingWithSFML/xcode;
				SYSTEM_HEADER_SEARCH_PATHS = (/opt/homebrew/include,"$(inherited)");
				USE_HEADERMAP = NO;
				WARNING_CFLAGS = ("$(inherited)");
			};
			name = Release;
		};
		6CFF1EDD979D4D5187135552 /* MinSizeRel */ = {
			isa = XCBuildConfiguration;
			buildSettings = {
				ARCHS = arm64;
				COMBINE_HIDPI_IMAGES = YES;
				EXECUTABLE_PREFIX = "";
				EXECUTABLE_SUFFIX = "";
				GCC_GENERATE_DEBUGGING_SYMBOLS = NO;
				GCC_INLINES_ARE_PRIVATE_EXTERN = NO;
				GCC_OPTIMIZATION_LEVEL = 0;
				GCC_PREPROCESSOR_DEFINITIONS = ("'CMAKE_INTDIR=\"$(CONFIGURATION)$(EFFECTIVE_PLATFORM_NAME)\"'","$(inherited)");
				GCC_SYMBOLS_PRIVATE_EXTERN = NO;
				INSTALL_PATH = "";
				LD_RUNPATH_SEARCH_PATHS = (/opt/homebrew/lib,"$(inherited)");
				ONLY_ACTIVE_ARCH = NO;
				OTHER_CPLUSPLUSFLAGS = "'-std=c++17' ";
				OTHER_LDFLAGS = (" -Wl,-search_paths_first -Wl,-headerpad_max_install_names","/opt/homebrew/lib/libsfml-graphics.2.5.1.dylib","/opt/homebrew/lib/libsfml-window.2.5.1.dylib","/opt/homebrew/lib/libsfml-system.2.5.1.dylib","$(inherited)");
				OTHER_REZFLAGS = "";
				PRODUCT_NAME = testSFML;
				SECTORDER_FLAGS = "";
				SYMROOT = /Users/jinyizhou/myGithubRepo/CS6010/DrawAnythingWithSFML/xcode;
				SYSTEM_HEADER_SEARCH_PATHS = (/opt/homebrew/include,"$(inherited)");
				USE_HEADERMAP = NO;
				WARNING_CFLAGS = ("$(inherited)");
			};
			name = MinSizeRel;
		};
		8B717863AE9342678D1BA5DB /* MinSizeRel */ = {
			isa = XCBuildConfiguration;
			buildSettings = {
				ARCHS = arm64;
				SDKROOT = /Library/Developer/CommandLineTools/SDKs/MacOSX12.3.sdk;
				SYMROOT = /Users/jinyizhou/myGithubRepo/CS6010/DrawAnythingWithSFML/xcode/build;
			};
			name = MinSizeRel;
		};
		8C7F0068A23748AEAB0930BF /* Release */ = {
			isa = XCBuildConfiguration;
			buildSettings = {
				ARCHS = arm64;
				SDKROOT = /Library/Developer/CommandLineTools/SDKs/MacOSX12.3.sdk;
				SYMROOT = /Users/jinyizhou/myGithubRepo/CS6010/DrawAnythingWithSFML/xcode/build;
			};
			name = Release;
		};
		8D9BAD8DB00F418EA9C0B25B /* RelWithDebInfo */ = {
			isa = XCBuildConfiguration;
			buildSettings = {
				ARCHS = arm64;
				COMBINE_HIDPI_IMAGES = YES;
				GCC_GENERATE_DEBUGGING_SYMBOLS = YES;
				GCC_INLINES_ARE_PRIVATE_EXTERN = NO;
				GCC_OPTIMIZATION_LEVEL = 0;
				GCC_PREPROCESSOR_DEFINITIONS = ("'CMAKE_INTDIR=\"$(CONFIGURATION)$(EFFECTIVE_PLATFORM_NAME)\"'","$(inherited)");
				GCC_SYMBOLS_PRIVATE_EXTERN = NO;
				INSTALL_PATH = "";
				ONLY_ACTIVE_ARCH = NO;
				OTHER_LDFLAGS = ("","$(inherited)");
				OTHER_REZFLAGS = "";
				PRODUCT_NAME = ZERO_CHECK;
				SECTORDER_FLAGS = "";
				SYMROOT = /Users/jinyizhou/myGithubRepo/CS6010/DrawAnythingWithSFML/xcode;
				USE_HEADERMAP = NO;
				WARNING_CFLAGS = ("$(inherited)");
			};
			name = RelWithDebInfo;
		};
		A0493C9D24594350B4F620A5 /* MinSizeRel */ = {
			isa = XCBuildConfiguration;
			buildSettings = {
				ARCHS = arm64;
				COMBINE_HIDPI_IMAGES = YES;
				GCC_GENERATE_DEBUGGING_SYMBOLS = YES;
				GCC_INLINES_ARE_PRIVATE_EXTERN = NO;
				GCC_OPTIMIZATION_LEVEL = 0;
				GCC_PREPROCESSOR_DEFINITIONS = ("'CMAKE_INTDIR=\"$(CONFIGURATION)$(EFFECTIVE_PLATFORM_NAME)\"'","$(inherited)");
				GCC_SYMBOLS_PRIVATE_EXTERN = NO;
				INSTALL_PATH = "";
				ONLY_ACTIVE_ARCH = NO;
				OTHER_LDFLAGS = ("","$(inherited)");
				OTHER_REZFLAGS = "";
				PRODUCT_NAME = ZERO_CHECK;
				SECTORDER_FLAGS = "";
				SYMROOT = /Users/jinyizhou/myGithubRepo/CS6010/DrawAnythingWithSFML/xcode;
				USE_HEADERMAP = NO;
				WARNING_CFLAGS = ("$(inherited)");
			};
			name = MinSizeRel;
		};
		AFE2641A09A8431CADE7ED2E /* Release */ = {
			isa = XCBuildConfiguration;
			buildSettings = {
				ARCHS = arm64;
				COMBINE_HIDPI_IMAGES = YES;
				GCC_GENERATE_DEBUGGING_SYMBOLS = YES;
				GCC_INLINES_ARE_PRIVATE_EXTERN = NO;
				GCC_OPTIMIZATION_LEVEL = 0;
				GCC_PREPROCESSOR_DEFINITIONS = ("'CMAKE_INTDIR=\"$(CONFIGURATION)$(EFFECTIVE_PLATFORM_NAME)\"'","$(inherited)");
				GCC_SYMBOLS_PRIVATE_EXTERN = NO;
				INSTALL_PATH = "";
				ONLY_ACTIVE_ARCH = NO;
				OTHER_LDFLAGS = ("","$(inherited)");
				OTHER_REZFLAGS = "";
				PRODUCT_NAME = ALL_BUILD;
				SECTORDER_FLAGS = "";
				SYMROOT = /Users/jinyizhou/myGithubRepo/CS6010/DrawAnythingWithSFML/xcode;
				USE_HEADERMAP = NO;
				WARNING_CFLAGS = ("$(inherited)");
			};
			name = Release;
		};
		B638044ACFBA4589BA7F9A88 /* Debug */ = {
			isa = XCBuildConfiguration;
			buildSettings = {
				ARCHS = arm64;
				SDKROOT = /Library/Developer/CommandLineTools/SDKs/MacOSX12.3.sdk;
				SYMROOT = /Users/jinyizhou/myGithubRepo/CS6010/DrawAnythingWithSFML/xcode/build;
			};
			name = Debug;
		};
		C2B4677D6E034D49AA1DD862 /* Debug */ = {
			isa = XCBuildConfiguration;
			buildSettings = {
				ARCHS = arm64;
				COMBINE_HIDPI_IMAGES = YES;
				EXECUTABLE_PREFIX = "";
				EXECUTABLE_SUFFIX = "";
				GCC_GENERATE_DEBUGGING_SYMBOLS = NO;
				GCC_INLINES_ARE_PRIVATE_EXTERN = NO;
				GCC_OPTIMIZATION_LEVEL = 0;
				GCC_PREPROCESSOR_DEFINITIONS = ("'CMAKE_INTDIR=\"$(CONFIGURATION)$(EFFECTIVE_PLATFORM_NAME)\"'","$(inherited)");
				GCC_SYMBOLS_PRIVATE_EXTERN = NO;
				INSTALL_PATH = "";
				LD_RUNPATH_SEARCH_PATHS = (/opt/homebrew/lib,"$(inherited)");
				ONLY_ACTIVE_ARCH = NO;
				OTHER_CPLUSPLUSFLAGS = "'-std=c++17' ";
				OTHER_LDFLAGS = (" -Wl,-search_paths_first -Wl,-headerpad_max_install_names","/opt/homebrew/lib/libsfml-graphics.2.5.1.dylib","/opt/homebrew/lib/libsfml-window.2.5.1.dylib","/opt/homebrew/lib/libsfml-system.2.5.1.dylib","$(inherited)");
				OTHER_REZFLAGS = "";
				PRODUCT_NAME = testSFML;
				SECTORDER_FLAGS = "";
				SYMROOT = /Users/jinyizhou/myGithubRepo/CS6010/DrawAnythingWithSFML/xcode;
				SYSTEM_HEADER_SEARCH_PATHS = (/opt/homebrew/include,"$(inherited)");
				USE_HEADERMAP = NO;
				WARNING_CFLAGS = ("$(inherited)");
			};
			name = Debug;
		};
		C73E29C68A0C4C31B70F6D9E /* Debug */ = {
			isa = XCBuildConfiguration;
			buildSettings = {
				ARCHS = arm64;
				COMBINE_HIDPI_IMAGES = YES;
				GCC_GENERATE_DEBUGGING_SYMBOLS = YES;
				GCC_INLINES_ARE_PRIVATE_EXTERN = NO;
				GCC_OPTIMIZATION_LEVEL = 0;
				GCC_PREPROCESSOR_DEFINITIONS = ("'CMAKE_INTDIR=\"$(CONFIGURATION)$(EFFECTIVE_PLATFORM_NAME)\"'","$(inherited)");
				GCC_SYMBOLS_PRIVATE_EXTERN = NO;
				INSTALL_PATH = "";
				ONLY_ACTIVE_ARCH = NO;
				OTHER_LDFLAGS = ("","$(inherited)");
				OTHER_REZFLAGS = "";
				PRODUCT_NAME = ZERO_CHECK;
				SECTORDER_FLAGS = "";
				SYMROOT = /Users/jinyizhou/myGithubRepo/CS6010/DrawAnythingWithSFML/xcode;
				USE_HEADERMAP = NO;
				WARNING_CFLAGS = ("$(inherited)");
			};
			name = Debug;
		};
		DC5EF508F86D4224A4938565 /* Debug */ = {
			isa = XCBuildConfiguration;
			buildSettings = {
				ARCHS = arm64;
				COMBINE_HIDPI_IMAGES = YES;
				GCC_GENERATE_DEBUGGING_SYMBOLS = YES;
				GCC_INLINES_ARE_PRIVATE_EXTERN = NO;
				GCC_OPTIMIZATION_LEVEL = 0;
				GCC_PREPROCESSOR_DEFINITIONS = ("'CMAKE_INTDIR=\"$(CONFIGURATION)$(EFFECTIVE_PLATFORM_NAME)\"'","$(inherited)");
				GCC_SYMBOLS_PRIVATE_EXTERN = NO;
				INSTALL_PATH = "";
				ONLY_ACTIVE_ARCH = NO;
				OTHER_LDFLAGS = ("","$(inherited)");
				OTHER_REZFLAGS = "";
				PRODUCT_NAME = ALL_BUILD;
				SECTORDER_FLAGS = "";
				SYMROOT = /Users/jinyizhou/myGithubRepo/CS6010/DrawAnythingWithSFML/xcode;
				USE_HEADERMAP = NO;
				WARNING_CFLAGS = ("$(inherited)");
			};
			name = Debug;
		};
		E0A5EF57DB6C43BF853F136F /* RelWithDebInfo */ = {
			isa = XCBuildConfiguration;
			buildSettings = {
				ARCHS = arm64;
				COMBINE_HIDPI_IMAGES = YES;
				EXECUTABLE_PREFIX = "";
				EXECUTABLE_SUFFIX = "";
				GCC_GENERATE_DEBUGGING_SYMBOLS = NO;
				GCC_INLINES_ARE_PRIVATE_EXTERN = NO;
				GCC_OPTIMIZATION_LEVEL = 0;
				GCC_PREPROCESSOR_DEFINITIONS = ("'CMAKE_INTDIR=\"$(CONFIGURATION)$(EFFECTIVE_PLATFORM_NAME)\"'","$(inherited)");
				GCC_SYMBOLS_PRIVATE_EXTERN = NO;
				INSTALL_PATH = "";
				LD_RUNPATH_SEARCH_PATHS = (/opt/homebrew/lib,"$(inherited)");
				ONLY_ACTIVE_ARCH = NO;
				OTHER_CPLUSPLUSFLAGS = "'-std=c++17' ";
				OTHER_LDFLAGS = (" -Wl,-search_paths_first -Wl,-headerpad_max_install_names","/opt/homebrew/lib/libsfml-graphics.2.5.1.dylib","/opt/homebrew/lib/libsfml-window.2.5.1.dylib","/opt/homebrew/lib/libsfml-system.2.5.1.dylib","$(inherited)");
				OTHER_REZFLAGS = "";
				PRODUCT_NAME = testSFML;
				SECTORDER_FLAGS = "";
				SYMROOT = /Users/jinyizhou/myGithubRepo/CS6010/DrawAnythingWithSFML/xcode;
				SYSTEM_HEADER_SEARCH_PATHS = (/opt/homebrew/include,"$(inherited)");
				USE_HEADERMAP = NO;
				WARNING_CFLAGS = ("$(inherited)");
			};
			name = RelWithDebInfo;
		};
		E2DF2307057B4F91A20BBB31 /* RelWithDebInfo */ = {
			isa = XCBuildConfiguration;
			buildSettings = {
				ARCHS = arm64;
				SDKROOT = /Library/Developer/CommandLineTools/SDKs/MacOSX12.3.sdk;
				SYMROOT = /Users/jinyizhou/myGithubRepo/CS6010/DrawAnythingWithSFML/xcode/build;
			};
			name = RelWithDebInfo;
		};
		E59163FD1683418099758E92 /* MinSizeRel */ = {
			isa = XCBuildConfiguration;
			buildSettings = {
				ARCHS = arm64;
				COMBINE_HIDPI_IMAGES = YES;
				GCC_GENERATE_DEBUGGING_SYMBOLS = YES;
				GCC_INLINES_ARE_PRIVATE_EXTERN = NO;
				GCC_OPTIMIZATION_LEVEL = 0;
				GCC_PREPROCESSOR_DEFINITIONS = ("'CMAKE_INTDIR=\"$(CONFIGURATION)$(EFFECTIVE_PLATFORM_NAME)\"'","$(inherited)");
				GCC_SYMBOLS_PRIVATE_EXTERN = NO;
				INSTALL_PATH = "";
				ONLY_ACTIVE_ARCH = NO;
				OTHER_LDFLAGS = ("","$(inherited)");
				OTHER_REZFLAGS = "";
				PRODUCT_NAME = ALL_BUILD;
				SECTORDER_FLAGS = "";
				SYMROOT = /Users/jinyizhou/myGithubRepo/CS6010/DrawAnythingWithSFML/xcode;
				USE_HEADERMAP = NO;
				WARNING_CFLAGS = ("$(inherited)");
			};
			name = MinSizeRel;
		};
/* End XCBuildConfiguration section */

/* Begin XCConfigurationList section */
		143F5B3FF7474649B41E23B8 /* Build configuration list for PBXAggregateTarget "ALL_BUILD" */ = {
			isa = XCConfigurationList;
			buildConfigurations = (
				DC5EF508F86D4224A4938565 /* Debug */,
				AFE2641A09A8431CADE7ED2E /* Release */,
				E59163FD1683418099758E92 /* MinSizeRel */,
				36B225646A4A4FF4B305A4B9 /* RelWithDebInfo */,
			);
			defaultConfigurationIsVisible = 0;
			defaultConfigurationName = Debug;
		};
		534C315928B34F99BC6B52D1 /* Build configuration list for PBXProject "testSFML" */ = {
			isa = XCConfigurationList;
			buildConfigurations = (
				B638044ACFBA4589BA7F9A88 /* Debug */,
				8C7F0068A23748AEAB0930BF /* Release */,
				8B717863AE9342678D1BA5DB /* MinSizeRel */,
				E2DF2307057B4F91A20BBB31 /* RelWithDebInfo */,
			);
			defaultConfigurationIsVisible = 0;
			defaultConfigurationName = Debug;
		};
		6F455D483D054F22AA3B667C /* Build configuration list for PBXAggregateTarget "ZERO_CHECK" */ = {
			isa = XCConfigurationList;
			buildConfigurations = (
				C73E29C68A0C4C31B70F6D9E /* Debug */,
				2785D6BCB894469D9F8DA512 /* Release */,
				A0493C9D24594350B4F620A5 /* MinSizeRel */,
				8D9BAD8DB00F418EA9C0B25B /* RelWithDebInfo */,
			);
			defaultConfigurationIsVisible = 0;
			defaultConfigurationName = Debug;
		};
		B3456086BE9B4D68A1AAC2D5 /* Build configuration list for PBXNativeTarget "testSFML" */ = {
			isa = XCConfigurationList;
			buildConfigurations = (
				C2B4677D6E034D49AA1DD862 /* Debug */,
				49E38B2621D340658D68B1C6 /* Release */,
				6CFF1EDD979D4D5187135552 /* MinSizeRel */,
				E0A5EF57DB6C43BF853F136F /* RelWithDebInfo */,
			);
			defaultConfigurationIsVisible = 0;
			defaultConfigurationName = Debug;
		};
/* End XCConfigurationList section */
	};
	rootObject = 4C04783A6F304CF1A94F8CBB /* Project object */;
}
